
Microsoft Visual Studio Solution File, Format Version 12.00
# Visual Studio Version 16
VisualStudioVersion = 16.0.29509.3
MinimumVisualStudioVersion = 10.0.40219.1
Project("{888888A0-9F3D-457C-B088-3A5042F75D52}") = "1-2", "1-2.pyproj", "{A824CB99-47C3-40AD-B21C-8B5AABCEDE88}"
EndProject
Global
	GlobalSection(SolutionConfigurationPlatforms) = preSolution
		Debug|Any CPU = Debug|Any CPU
		Release|Any CPU = Release|Any CPU
	EndGlobalSection
	GlobalSection(ProjectConfigurationPlatforms) = postSolution
		{A824CB99-47C3-40AD-B21C-8B5AABCEDE88}.Debug|Any CPU.ActiveCfg = Debug|Any CPU
		{A824CB99-47C3-40AD-B21C-8B5AABCEDE88}.Release|Any CPU.ActiveCfg = Release|Any CPU
	EndGlobalSection
	GlobalSection(SolutionProperties) = preSolution
		HideSolutionNode = FALSE
	EndGlobalSection
	GlobalSection(ExtensibilityGlobals) = postSolution
		SolutionGuid = {1B026759-3AAF-4814-9B68-EAC860F495C9}
	EndGlobalSection
EndGlobal
